# Generated by pub
# See http://pub.dartlang.org/doc/glossary.html#lockfile
packages:
  browser:
    description: browser
    source: hosted
    version: "0.10.0+2"
  crypto:
    description: crypto
    source: hosted
    version: "0.9.0"
  dynamic_object:
    description: dynamic_object
    source: hosted
    version: "1.0.4"
  path:
    description: path
    source: hosted
    version: "1.3.1"
  pubsub:
    description: pubsub
    source: hosted
    version: "1.1.9"
  quiver:
    description: quiver
    source: hosted
    version: "0.18.2"
  react:
    description: react
    source: hosted
    version: "0.5.0"
  web_skin_react:
    description:
      ref: "1.1.0"
      resolved-ref: "1fc78996d835ad4a3928cf9aeb996e544a860efe"
      url: "git@github.com:Workiva/web-skin-react.git"
    source: git
    version: "1.1.0"
