# Generated by pub
# See http://pub.dartlang.org/doc/glossary.html#lockfile
packages:
  browser:
    description: browser
    source: hosted
    version: "0.10.0+2"
  crypto:
    description: crypto
    source: hosted
    version: "0.9.0"
  flux:
    description:
      path: "libraries/flux"
      relative: true
    source: path
    version: "0.0.0"
  path:
    description: path
    source: hosted
    version: "1.3.1"
  quiver:
    description: quiver
    source: hosted
    version: "0.18.2"
  react:
    description: react
    source: hosted
    version: "0.5.0"
  web_skin:
    description:
      ref: "1.0.5"
      resolved-ref: a1e657fc4b7826cea11c70a9bde9dcd0e3cf6571
      url: "git@github.com:Workiva/web-skin.git"
    source: git
    version: "1.0.5"
  web_skin_react:
    description:
      ref: "2.1.2"
      resolved-ref: f78f24f91bd0ef4743020945117b1d2941fe7885
      url: "git@github.com:Workiva/web-skin-react.git"
    source: git
    version: "2.1.2"
sdks:
  dart: ">=1.3.0-dev.4.1 <2.0.0"
